
Microsoft Visual Studio Solution File, Format Version 12.00
# Visual Studio Version 16
VisualStudioVersion = 16.0.810.16
MinimumVisualStudioVersion = 10.0.40219.1
Project("{FAE04EC0-301F-11D3-BF4B-00C04F79EFBC}") = "CRUD_visual_studio", "CRUD_visual_studio\CRUD_visual_studio.csproj", "{74A3AD44-345B-48C0-BA45-C8159BB192DD}"
EndProject
Global
	GlobalSection(SolutionConfigurationPlatforms) = preSolution
		Debug|Any CPU = Debug|Any CPU
		Release|Any CPU = Release|Any CPU
	EndGlobalSection
	GlobalSection(ProjectConfigurationPlatforms) = postSolution
		{74A3AD44-345B-48C0-BA45-C8159BB192DD}.Debug|Any CPU.ActiveCfg = Debug|Any CPU
		{74A3AD44-345B-48C0-BA45-C8159BB192DD}.Debug|Any CPU.Build.0 = Debug|Any CPU
		{74A3AD44-345B-48C0-BA45-C8159BB192DD}.Release|Any CPU.ActiveCfg = Release|Any CPU
		{74A3AD44-345B-48C0-BA45-C8159BB192DD}.Release|Any CPU.Build.0 = Release|Any CPU
	EndGlobalSection
	GlobalSection(SolutionProperties) = preSolution
		HideSolutionNode = FALSE
	EndGlobalSection
	GlobalSection(ExtensibilityGlobals) = postSolution
		SolutionGuid = {02CE3393-2444-44F4-AB11-9FEC9AB41DCE}
	EndGlobalSection
EndGlobal
